Microsoft Visual Studio Solution File, Format Version 12.00
# Visual Studio 15
VisualStudioVersion = 15.0.28307.645
MinimumVisualStudioVersion = 10.0.40219.1
Project("{FAE04EC0-301F-11D3-BF4B-00C04F79EFBC}") = "Sample-Lib", "Sample-Lib\Sample-Lib.csproj", "{86154D1B-DE82-4592-B04B-CAC6DE975F91}"
EndProject
Global
	GlobalSection(SolutionConfigurationPlatforms) = preSolution
		Debug|Any CPU = Debug|Any CPU
		Release|Any CPU = Release|Any CPU
	EndGlobalSection
	GlobalSection(ProjectConfigurationPlatforms) = postSolution
		{86154D1B-DE82-4592-B04B-CAC6DE975F91}.Debug|Any CPU.ActiveCfg = Debug|Any CPU
		{86154D1B-DE82-4592-B04B-CAC6DE975F91}.Debug|Any CPU.Build.0 = Debug|Any CPU
		{86154D1B-DE82-4592-B04B-CAC6DE975F91}.Release|Any CPU.ActiveCfg = Release|Any CPU
		{86154D1B-DE82-4592-B04B-CAC6DE975F91}.Release|Any CPU.Build.0 = Release|Any CPU
	EndGlobalSection
	GlobalSection(SolutionProperties) = preSolution
		HideSolutionNode = FALSE
	EndGlobalSection
	GlobalSection(ExtensibilityGlobals) = postSolution
		SolutionGuid = {5A223850-B083-4A61-971F-359F8ECDF014}
	EndGlobalSection
EndGlobal
